
Microsoft Visual Studio Solution File, Format Version 12.00
# Visual Studio Version 16
VisualStudioVersion = 16.0.31424.327
MinimumVisualStudioVersion = 10.0.40219.1
Project("{9A19103F-16F7-4668-BE54-9A1E7A4F7556}") = "TodoApp.Entity", "TodoApp.Entity\TodoApp.Entity.csproj", "{2D7A0238-3025-4BC1-850E-1437726C8D8F}"
EndProject
Project("{9A19103F-16F7-4668-BE54-9A1E7A4F7556}") = "TodoApp.Repository", "TodoApp.Repository\TodoApp.Repository.csproj", "{61C9BD21-8228-4003-97B8-592DC1AC373A}"
EndProject
Project("{9A19103F-16F7-4668-BE54-9A1E7A4F7556}") = "TodoApp.IService", "TodoApp.IService\TodoApp.IService.csproj", "{6ADD9026-7020-4073-8165-0B06F7FAB4D3}"
EndProject
Project("{9A19103F-16F7-4668-BE54-9A1E7A4F7556}") = "TodoApp.Service", "TodoApp.Service\TodoApp.Service.csproj", "{C5780F6F-6822-46F4-A5EC-E4FE7382451A}"
EndProject
Project("{9A19103F-16F7-4668-BE54-9A1E7A4F7556}") = "TodoApp.Util", "TodoApp.Util\TodoApp.Util.csproj", "{6CF3D578-71DB-4ED8-BE92-E927F53EA53E}"
EndProject
Project("{9A19103F-16F7-4668-BE54-9A1E7A4F7556}") = "TodoApp.Api", "TodoApp.Api\TodoApp.Api.csproj", "{2356E878-3FF7-4836-8CE0-93CE1A018602}"
EndProject
Project("{2150E333-8FDC-42A3-9474-1A3956D46DE8}") = "文档", "文档", "{50732A12-D054-4D6C-A06E-8DD6AA1A383F}"
	ProjectSection(SolutionItems) = preProject
		存储过程.txt = 存储过程.txt
		技术要点.txt = 技术要点.txt
		更新数据库.txt = 更新数据库.txt
	EndProjectSection
EndProject
Project("{9A19103F-16F7-4668-BE54-9A1E7A4F7556}") = "TodoApp.Common", "TodoApp.Common\TodoApp.Common.csproj", "{EA69C929-30A3-40EA-BAA2-C62CB597F7DC}"
EndProject
Project("{9A19103F-16F7-4668-BE54-9A1E7A4F7556}") = "TodoApp.Cache", "Todo.App.Cache\TodoApp.Cache.csproj", "{FA7DF305-E6FC-4720-B603-2CF101758A9D}"
EndProject
Project("{9A19103F-16F7-4668-BE54-9A1E7A4F7556}") = "TodoApp.App", "TodoApp.App\TodoApp.App.csproj", "{D8DE4554-1C42-463B-BFBF-FDCD28B2ACF7}"
EndProject
Project("{9A19103F-16F7-4668-BE54-9A1E7A4F7556}") = "TodoApp.WebCore", "TodoApp.Web\TodoApp.WebCore.csproj", "{E61C8DFF-5F40-4A3E-9D2F-F44EC482A74A}"
EndProject
Project("{FAE04EC0-301F-11D3-BF4B-00C04F79EFBC}") = "TodoApp.WebFramework", "TodoApp.WebFramework\TodoApp.WebFramework.csproj", "{C54401C6-BCD2-43C5-9237-DF1C40E75CAE}"
EndProject
Project("{9A19103F-16F7-4668-BE54-9A1E7A4F7556}") = "TodoApp.Winform", "TodoApp.Winform\TodoApp.Winform.csproj", "{77B11B3F-68D7-4027-89D1-9C259AFB45F8}"
EndProject
Global
	GlobalSection(SolutionConfigurationPlatforms) = preSolution
		Debug|Any CPU = Debug|Any CPU
		Release|Any CPU = Release|Any CPU
	EndGlobalSection
	GlobalSection(ProjectConfigurationPlatforms) = postSolution
		{2D7A0238-3025-4BC1-850E-1437726C8D8F}.Debug|Any CPU.ActiveCfg = Debug|Any CPU
		{2D7A0238-3025-4BC1-850E-1437726C8D8F}.Debug|Any CPU.Build.0 = Debug|Any CPU
		{2D7A0238-3025-4BC1-850E-1437726C8D8F}.Release|Any CPU.ActiveCfg = Release|Any CPU
		{2D7A0238-3025-4BC1-850E-1437726C8D8F}.Release|Any CPU.Build.0 = Release|Any CPU
		{61C9BD21-8228-4003-97B8-592DC1AC373A}.Debug|Any CPU.ActiveCfg = Debug|Any CPU
		{61C9BD21-8228-4003-97B8-592DC1AC373A}.Debug|Any CPU.Build.0 = Debug|Any CPU
		{61C9BD21-8228-4003-97B8-592DC1AC373A}.Release|Any CPU.ActiveCfg = Release|Any CPU
		{61C9BD21-8228-4003-97B8-592DC1AC373A}.Release|Any CPU.Build.0 = Release|Any CPU
		{6ADD9026-7020-4073-8165-0B06F7FAB4D3}.Debug|Any CPU.ActiveCfg = Debug|Any CPU
		{6ADD9026-7020-4073-8165-0B06F7FAB4D3}.Debug|Any CPU.Build.0 = Debug|Any CPU
		{6ADD9026-7020-4073-8165-0B06F7FAB4D3}.Release|Any CPU.ActiveCfg = Release|Any CPU
		{6ADD9026-7020-4073-8165-0B06F7FAB4D3}.Release|Any CPU.Build.0 = Release|Any CPU
		{C5780F6F-6822-46F4-A5EC-E4FE7382451A}.Debug|Any CPU.ActiveCfg = Debug|Any CPU
		{C5780F6F-6822-46F4-A5EC-E4FE7382451A}.Debug|Any CPU.Build.0 = Debug|Any CPU
		{C5780F6F-6822-46F4-A5EC-E4FE7382451A}.Release|Any CPU.ActiveCfg = Release|Any CPU
		{C5780F6F-6822-46F4-A5EC-E4FE7382451A}.Release|Any CPU.Build.0 = Release|Any CPU
		{6CF3D578-71DB-4ED8-BE92-E927F53EA53E}.Debug|Any CPU.ActiveCfg = Debug|Any CPU
		{6CF3D578-71DB-4ED8-BE92-E927F53EA53E}.Debug|Any CPU.Build.0 = Debug|Any CPU
		{6CF3D578-71DB-4ED8-BE92-E927F53EA53E}.Release|Any CPU.ActiveCfg = Release|Any CPU
		{6CF3D578-71DB-4ED8-BE92-E927F53EA53E}.Release|Any CPU.Build.0 = Release|Any CPU
		{2356E878-3FF7-4836-8CE0-93CE1A018602}.Debug|Any CPU.ActiveCfg = Debug|Any CPU
		{2356E878-3FF7-4836-8CE0-93CE1A018602}.Debug|Any CPU.Build.0 = Debug|Any CPU
		{2356E878-3FF7-4836-8CE0-93CE1A018602}.Release|Any CPU.ActiveCfg = Release|Any CPU
		{2356E878-3FF7-4836-8CE0-93CE1A018602}.Release|Any CPU.Build.0 = Release|Any CPU
		{EA69C929-30A3-40EA-BAA2-C62CB597F7DC}.Debug|Any CPU.ActiveCfg = Debug|Any CPU
		{EA69C929-30A3-40EA-BAA2-C62CB597F7DC}.Debug|Any CPU.Build.0 = Debug|Any CPU
		{EA69C929-30A3-40EA-BAA2-C62CB597F7DC}.Release|Any CPU.ActiveCfg = Release|Any CPU
		{EA69C929-30A3-40EA-BAA2-C62CB597F7DC}.Release|Any CPU.Build.0 = Release|Any CPU
		{FA7DF305-E6FC-4720-B603-2CF101758A9D}.Debug|Any CPU.ActiveCfg = Debug|Any CPU
		{FA7DF305-E6FC-4720-B603-2CF101758A9D}.Debug|Any CPU.Build.0 = Debug|Any CPU
		{FA7DF305-E6FC-4720-B603-2CF101758A9D}.Release|Any CPU.ActiveCfg = Release|Any CPU
		{FA7DF305-E6FC-4720-B603-2CF101758A9D}.Release|Any CPU.Build.0 = Release|Any CPU
		{D8DE4554-1C42-463B-BFBF-FDCD28B2ACF7}.Debug|Any CPU.ActiveCfg = Debug|Any CPU
		{D8DE4554-1C42-463B-BFBF-FDCD28B2ACF7}.Debug|Any CPU.Build.0 = Debug|Any CPU
		{D8DE4554-1C42-463B-BFBF-FDCD28B2ACF7}.Release|Any CPU.ActiveCfg = Release|Any CPU
		{D8DE4554-1C42-463B-BFBF-FDCD28B2ACF7}.Release|Any CPU.Build.0 = Release|Any CPU
		{E61C8DFF-5F40-4A3E-9D2F-F44EC482A74A}.Debug|Any CPU.ActiveCfg = Debug|Any CPU
		{E61C8DFF-5F40-4A3E-9D2F-F44EC482A74A}.Debug|Any CPU.Build.0 = Debug|Any CPU
		{E61C8DFF-5F40-4A3E-9D2F-F44EC482A74A}.Release|Any CPU.ActiveCfg = Release|Any CPU
		{E61C8DFF-5F40-4A3E-9D2F-F44EC482A74A}.Release|Any CPU.Build.0 = Release|Any CPU
		{C54401C6-BCD2-43C5-9237-DF1C40E75CAE}.Debug|Any CPU.ActiveCfg = Debug|Any CPU
		{C54401C6-BCD2-43C5-9237-DF1C40E75CAE}.Debug|Any CPU.Build.0 = Debug|Any CPU
		{C54401C6-BCD2-43C5-9237-DF1C40E75CAE}.Release|Any CPU.ActiveCfg = Release|Any CPU
		{C54401C6-BCD2-43C5-9237-DF1C40E75CAE}.Release|Any CPU.Build.0 = Release|Any CPU
		{77B11B3F-68D7-4027-89D1-9C259AFB45F8}.Debug|Any CPU.ActiveCfg = Debug|Any CPU
		{77B11B3F-68D7-4027-89D1-9C259AFB45F8}.Debug|Any CPU.Build.0 = Debug|Any CPU
		{77B11B3F-68D7-4027-89D1-9C259AFB45F8}.Release|Any CPU.ActiveCfg = Release|Any CPU
		{77B11B3F-68D7-4027-89D1-9C259AFB45F8}.Release|Any CPU.Build.0 = Release|Any CPU
	EndGlobalSection
	GlobalSection(SolutionProperties) = preSolution
		HideSolutionNode = FALSE
	EndGlobalSection
	GlobalSection(ExtensibilityGlobals) = postSolution
		SolutionGuid = {A499DF2A-AA6A-4168-B12F-0426194ED523}
	EndGlobalSection
EndGlobal
